
Microsoft Visual Studio Solution File, Format Version 12.00
# Visual Studio Version 17
VisualStudioVersion = 17.9.34622.214
MinimumVisualStudioVersion = 10.0.40219.1
Project("{FAE04EC0-301F-11D3-BF4B-00C04F79EFBC}") = "Badminton", "Badminton\Badminton.csproj", "{F9B4C34B-F709-48AD-A454-841D58288085}"
EndProject
Global
	GlobalSection(SolutionConfigurationPlatforms) = preSolution
		Debug|Any CPU = Debug|Any CPU
		Release|Any CPU = Release|Any CPU
	EndGlobalSection
	GlobalSection(ProjectConfigurationPlatforms) = postSolution
		{F9B4C34B-F709-48AD-A454-841D58288085}.Debug|Any CPU.ActiveCfg = Debug|Any CPU
		{F9B4C34B-F709-48AD-A454-841D58288085}.Debug|Any CPU.Build.0 = Debug|Any CPU
		{F9B4C34B-F709-48AD-A454-841D58288085}.Release|Any CPU.ActiveCfg = Release|Any CPU
		{F9B4C34B-F709-48AD-A454-841D58288085}.Release|Any CPU.Build.0 = Release|Any CPU
	EndGlobalSection
	GlobalSection(SolutionProperties) = preSolution
		HideSolutionNode = FALSE
	EndGlobalSection
	GlobalSection(ExtensibilityGlobals) = postSolution
		SolutionGuid = {A1893DE9-37CE-4B30-9F68-35CD5A54442F}
	EndGlobalSection
EndGlobal
