
Microsoft Visual Studio Solution File, Format Version 12.00
# Visual Studio Version 17
VisualStudioVersion = 17.9.34622.214
MinimumVisualStudioVersion = 10.0.40219.1
Project("{FAE04EC0-301F-11D3-BF4B-00C04F79EFBC}") = "Oevelse 1", "Oevelse 1\Oevelse 1.csproj", "{A55796ED-C0EC-4D24-AA1C-59DF512F2E7F}"
EndProject
Global
	GlobalSection(SolutionConfigurationPlatforms) = preSolution
		Debug|Any CPU = Debug|Any CPU
		Release|Any CPU = Release|Any CPU
	EndGlobalSection
	GlobalSection(ProjectConfigurationPlatforms) = postSolution
		{A55796ED-C0EC-4D24-AA1C-59DF512F2E7F}.Debug|Any CPU.ActiveCfg = Debug|Any CPU
		{A55796ED-C0EC-4D24-AA1C-59DF512F2E7F}.Debug|Any CPU.Build.0 = Debug|Any CPU
		{A55796ED-C0EC-4D24-AA1C-59DF512F2E7F}.Release|Any CPU.ActiveCfg = Release|Any CPU
		{A55796ED-C0EC-4D24-AA1C-59DF512F2E7F}.Release|Any CPU.Build.0 = Release|Any CPU
	EndGlobalSection
	GlobalSection(SolutionProperties) = preSolution
		HideSolutionNode = FALSE
	EndGlobalSection
	GlobalSection(ExtensibilityGlobals) = postSolution
		SolutionGuid = {EE48FC85-9333-4738-8396-2AC9DC9CDEFF}
	EndGlobalSection
EndGlobal
